
Microsoft Visual Studio Solution File, Format Version 12.00
# Visual Studio Version 17
VisualStudioVersion = 17.11.35208.52
MinimumVisualStudioVersion = 10.0.40219.1
Project("{FAE04EC0-301F-11D3-BF4B-00C04F79EFBC}") = "project_name", "project_name\project_name.csproj", "{2CA434EF-83E5-4A28-AA7E-241429F7CF94}"
EndProject
Global
	GlobalSection(SolutionConfigurationPlatforms) = preSolution
		Debug|Any CPU = Debug|Any CPU
		Release|Any CPU = Release|Any CPU
	EndGlobalSection
	GlobalSection(ProjectConfigurationPlatforms) = postSolution
		{2CA434EF-83E5-4A28-AA7E-241429F7CF94}.Debug|Any CPU.ActiveCfg = Debug|Any CPU
		{2CA434EF-83E5-4A28-AA7E-241429F7CF94}.Debug|Any CPU.Build.0 = Debug|Any CPU
		{2CA434EF-83E5-4A28-AA7E-241429F7CF94}.Release|Any CPU.ActiveCfg = Release|Any CPU
		{2CA434EF-83E5-4A28-AA7E-241429F7CF94}.Release|Any CPU.Build.0 = Release|Any CPU
	EndGlobalSection
	GlobalSection(SolutionProperties) = preSolution
		HideSolutionNode = FALSE
	EndGlobalSection
	GlobalSection(ExtensibilityGlobals) = postSolution
		SolutionGuid = {06A933F3-CC8C-4C07-A1FE-0CA6ED16DC0A}
	EndGlobalSection
EndGlobal
